// !$*UTF8*$!
{
	archiveVersion = 1;
	classes = {
	};
	objectVersion = 50;
	objects = {

/* Begin PBXBuildFile section */
		59C187E322E688C700833DA7 /* AppDelegate.swift in Sources */ = {isa = PBXBuildFile; fileRef = 59C187E222E688C700833DA7 /* AppDelegate.swift */; };
		59C187E522E688C700833DA7 /* GameScene.sks in Resources */ = {isa = PBXBuildFile; fileRef = 59C187E422E688C700833DA7 /* GameScene.sks */; };
		59C187E722E688C700833DA7 /* Actions.sks in Resources */ = {isa = PBXBuildFile; fileRef = 59C187E622E688C700833DA7 /* Actions.sks */; };
		59C187E922E688C700833DA7 /* GameScene.swift in Sources */ = {isa = PBXBuildFile; fileRef = 59C187E822E688C700833DA7 /* GameScene.swift */; };
		59C187EB22E688C700833DA7 /* GameViewController.swift in Sources */ = {isa = PBXBuildFile; fileRef = 59C187EA22E688C700833DA7 /* GameViewController.swift */; };
		59C187EE22E688C700833DA7 /* Main.storyboard in Resources */ = {isa = PBXBuildFile; fileRef = 59C187EC22E688C700833DA7 /* Main.storyboard */; };
		59C187F022E688C900833DA7 /* Assets.xcassets in Resources */ = {isa = PBXBuildFile; fileRef = 59C187EF22E688C900833DA7 /* Assets.xcassets */; };
		59C187F322E688C900833DA7 /* LaunchScreen.storyboard in Resources */ = {isa = PBXBuildFile; fileRef = 59C187F122E688C900833DA7 /* LaunchScreen.storyboard */; };
		59C187FE22E688CA00833DA7 /* Final_ProjectTests.swift in Sources */ = {isa = PBXBuildFile; fileRef = 59C187FD22E688CA00833DA7 /* Final_ProjectTests.swift */; };
		59C1880922E688CA00833DA7 /* Final_ProjectUITests.swift in Sources */ = {isa = PBXBuildFile; fileRef = 59C1880822E688CA00833DA7 /* Final_ProjectUITests.swift */; };
/* End PBXBuildFile section */

/* Begin PBXContainerItemProxy section */
		59C187FA22E688CA00833DA7 /* PBXContainerItemProxy */ = {
			isa = PBXContainerItemProxy;
			containerPortal = 59C187D722E688C700833DA7 /* Project object */;
			proxyType = 1;
			remoteGlobalIDString = 59C187DE22E688C700833DA7;
			remoteInfo = "Final Project";
		};
		59C1880522E688CA00833DA7 /* PBXContainerItemProxy */ = {
			isa = PBXContainerItemProxy;
			containerPortal = 59C187D722E688C700833DA7 /* Project object */;
			proxyType = 1;
			remoteGlobalIDString = 59C187DE22E688C700833DA7;
			remoteInfo = "Final Project";
		};
/* End PBXContainerItemProxy section */

/* Begin PBXFileReference section */
		59C187DF22E688C700833DA7 /* Final Project.app */ = {isa = PBXFileReference; explicitFileType = wrapper.application; includeInIndex = 0; path = "Final Project.app"; sourceTree = BUILT_PRODUCTS_DIR; };
		59C187E222E688C700833DA7 /* AppDelegate.swift */ = {isa = PBXFileReference; lastKnownFileType = sourcecode.swift; path = AppDelegate.swift; sourceTree = "<group>"; };
		59C187E422E688C700833DA7 /* GameScene.sks */ = {isa = PBXFileReference; lastKnownFileType = file.sks; path = GameScene.sks; sourceTree = "<group>"; };
		59C187E622E688C700833DA7 /* Actions.sks */ = {isa = PBXFileReference; lastKnownFileType = file.sks; path = Actions.sks; sourceTree = "<group>"; };
		59C187E822E688C700833DA7 /* GameScene.swift */ = {isa = PBXFileReference; lastKnownFileType = sourcecode.swift; path = GameScene.swift; sourceTree = "<group>"; };
		59C187EA22E688C700833DA7 /* GameViewController.swift */ = {isa = PBXFileReference; lastKnownFileType = sourcecode.swift; path = GameViewController.swift; sourceTree = "<group>"; };
		59C187ED22E688C700833DA7 /* Base */ = {isa = PBXFileReference; lastKnownFileType = file.storyboard; name = Base; path = Base.lproj/Main.storyboard; sourceTree = "<group>"; };
		59C187EF22E688C900833DA7 /* Assets.xcassets */ = {isa = PBXFileReference; lastKnownFileType = folder.assetcatalog; path = Assets.xcassets; sourceTree = "<group>"; };
		59C187F222E688C900833DA7 /* Base */ = {isa = PBXFileReference; lastKnownFileType = file.storyboard; name = Base; path = Base.lproj/LaunchScreen.storyboard; sourceTree = "<group>"; };
		59C187F422E688C900833DA7 /* Info.plist */ = {isa = PBXFileReference; lastKnownFileType = text.plist.xml; path = Info.plist; sourceTree = "<group>"; };
		59C187F922E688CA00833DA7 /* Final ProjectTests.xctest */ = {isa = PBXFileReference; explicitFileType = wrapper.cfbundle; includeInIndex = 0; path = "Final ProjectTests.xctest"; sourceTree = BUILT_PRODUCTS_DIR; };
		59C187FD22E688CA00833DA7 /* Final_ProjectTests.swift */ = {isa = PBXFileReference; lastKnownFileType = sourcecode.swift; path = Final_ProjectTests.swift; sourceTree = "<group>"; };
		59C187FF22E688CA00833DA7 /* Info.plist */ = {isa = PBXFileReference; lastKnownFileType = text.plist.xml; path = Info.plist; sourceTree = "<group>"; };
		59C1880422E688CA00833DA7 /* Final ProjectUITests.xctest */ = {isa = PBXFileReference; explicitFileType = wrapper.cfbundle; includeInIndex = 0; path = "Final ProjectUITests.xctest"; sourceTree = BUILT_PRODUCTS_DIR; };
		59C1880822E688CA00833DA7 /* Final_ProjectUITests.swift */ = {isa = PBXFileReference; lastKnownFileType = sourcecode.swift; path = Final_ProjectUITests.swift; sourceTree = "<group>"; };
		59C1880A22E688CA00833DA7 /* Info.plist */ = {isa = PBXFileReference; lastKnownFileType = text.plist.xml; path = Info.plist; sourceTree = "<group>"; };
/* End PBXFileReference section */

/* Begin PBXFrameworksBuildPhase section */
		59C187DC22E688C700833DA7 /* Frameworks */ = {
			isa = PBXFrameworksBuildPhase;
			buildActionMask = 2147483647;
			files = (
			);
			runOnlyForDeploymentPostprocessing = 0;
		};
		59C187F622E688CA00833DA7 /* Frameworks */ = {
			isa = PBXFrameworksBuildPhase;
			buildActionMask = 2147483647;
			files = (
			);
			runOnlyForDeploymentPostprocessing = 0;
		};
		59C1880122E688CA00833DA7 /* Frameworks */ = {
			isa = PBXFrameworksBuildPhase;
			buildActionMask = 2147483647;
			files = (
			);
			runOnlyForDeploymentPostprocessing = 0;
		};
/* End PBXFrameworksBuildPhase section */

/* Begin PBXGroup section */
		59C187D622E688C700833DA7 = {
			isa = PBXGroup;
			children = (
				59C187E122E688C700833DA7 /* Final Project */,
				59C187FC22E688CA00833DA7 /* Final ProjectTests */,
				59C1880722E688CA00833DA7 /* Final ProjectUITests */,
				59C187E022E688C700833DA7 /* Products */,
			);
			sourceTree = "<group>";
		};
		59C187E022E688C700833DA7 /* Products */ = {
			isa = PBXGroup;
			children = (
				59C187DF22E688C700833DA7 /* Final Project.app */,
				59C187F922E688CA00833DA7 /* Final ProjectTests.xctest */,
				59C1880422E688CA00833DA7 /* Final ProjectUITests.xctest */,
			);
			name = Products;
			sourceTree = "<group>";
		};
		59C187E122E688C700833DA7 /* Final Project */ = {
			isa = PBXGroup;
			children = (
				59C187E222E688C700833DA7 /* AppDelegate.swift */,
				59C187E422E688C700833DA7 /* GameScene.sks */,
				59C187E622E688C700833DA7 /* Actions.sks */,
				59C187E822E688C700833DA7 /* GameScene.swift */,
				59C187EA22E688C700833DA7 /* GameViewController.swift */,
				59C187EC22E688C700833DA7 /* Main.storyboard */,
				59C187EF22E688C900833DA7 /* Assets.xcassets */,
				59C187F122E688C900833DA7 /* LaunchScreen.storyboard */,
				59C187F422E688C900833DA7 /* Info.plist */,
			);
			path = "Final Project";
			sourceTree = "<group>";
		};
		59C187FC22E688CA00833DA7 /* Final ProjectTests */ = {
			isa = PBXGroup;
			children = (
				59C187FD22E688CA00833DA7 /* Final_ProjectTests.swift */,
				59C187FF22E688CA00833DA7 /* Info.plist */,
			);
			path = "Final ProjectTests";
			sourceTree = "<group>";
		};
		59C1880722E688CA00833DA7 /* Final ProjectUITests */ = {
			isa = PBXGroup;
			children = (
				59C1880822E688CA00833DA7 /* Final_ProjectUITests.swift */,
				59C1880A22E688CA00833DA7 /* Info.plist */,
			);
			path = "Final ProjectUITests";
			sourceTree = "<group>";
		};
/* End PBXGroup section */

/* Begin PBXNativeTarget section */
		59C187DE22E688C700833DA7 /* Final Project */ = {
			isa = PBXNativeTarget;
			buildConfigurationList = 59C1880D22E688CA00833DA7 /* Build configuration list for PBXNativeTarget "Final Project" */;
			buildPhases = (
				59C187DB22E688C700833DA7 /* Sources */,
				59C187DC22E688C700833DA7 /* Frameworks */,
				59C187DD22E688C700833DA7 /* Resources */,
			);
			buildRules = (
			);
			dependencies = (
			);
			name = "Final Project";
			productName = "Final Project";
			productReference = 59C187DF22E688C700833DA7 /* Final Project.app */;
			productType = "com.apple.product-type.application";
		};
		59C187F822E688CA00833DA7 /* Final ProjectTests */ = {
			isa = PBXNativeTarget;
			buildConfigurationList = 59C1881022E688CA00833DA7 /* Build configuration list for PBXNativeTarget "Final ProjectTests" */;
			buildPhases = (
				59C187F522E688CA00833DA7 /* Sources */,
				59C187F622E688CA00833DA7 /* Frameworks */,
				59C187F722E688CA00833DA7 /* Resources */,
			);
			buildRules = (
			);
			dependencies = (
				59C187FB22E688CA00833DA7 /* PBXTargetDependency */,
			);
			name = "Final ProjectTests";
			productName = "Final ProjectTests";
			productReference = 59C187F922E688CA00833DA7 /* Final ProjectTests.xctest */;
			productType = "com.apple.product-type.bundle.unit-test";
		};
		59C1880322E688CA00833DA7 /* Final ProjectUITests */ = {
			isa = PBXNativeTarget;
			buildConfigurationList = 59C1881322E688CA00833DA7 /* Build configuration list for PBXNativeTarget "Final ProjectUITests" */;
			buildPhases = (
				59C1880022E688CA00833DA7 /* Sources */,
				59C1880122E688CA00833DA7 /* Frameworks */,
				59C1880222E688CA00833DA7 /* Resources */,
			);
			buildRules = (
			);
			dependencies = (
				59C1880622E688CA00833DA7 /* PBXTargetDependency */,
			);
			name = "Final ProjectUITests";
			productName = "Final ProjectUITests";
			productReference = 59C1880422E688CA00833DA7 /* Final ProjectUITests.xctest */;
			productType = "com.apple.product-type.bundle.ui-testing";
		};
/* End PBXNativeTarget section */

/* Begin PBXProject section */
		59C187D722E688C700833DA7 /* Project object */ = {
			isa = PBXProject;
			attributes = {
				LastSwiftUpdateCheck = 1010;
				LastUpgradeCheck = 1010;
				ORGANIZATIONNAME = "Michael Aldrich Serrano";
				TargetAttributes = {
					59C187DE22E688C700833DA7 = {
						CreatedOnToolsVersion = 10.1;
					};
					59C187F822E688CA00833DA7 = {
						CreatedOnToolsVersion = 10.1;
						TestTargetID = 59C187DE22E688C700833DA7;
					};
					59C1880322E688CA00833DA7 = {
						CreatedOnToolsVersion = 10.1;
						TestTargetID = 59C187DE22E688C700833DA7;
					};
				};
			};
			buildConfigurationList = 59C187DA22E688C700833DA7 /* Build configuration list for PBXProject "Final Project" */;
			compatibilityVersion = "Xcode 9.3";
			developmentRegion = en;
			hasScannedForEncodings = 0;
			knownRegions = (
				en,
				Base,
			);
			mainGroup = 59C187D622E688C700833DA7;
			productRefGroup = 59C187E022E688C700833DA7 /* Products */;
			projectDirPath = "";
			projectRoot = "";
			targets = (
				59C187DE22E688C700833DA7 /* Final Project */,
				59C187F822E688CA00833DA7 /* Final ProjectTests */,
				59C1880322E688CA00833DA7 /* Final ProjectUITests */,
			);
		};
/* End PBXProject section */

/* Begin PBXResourcesBuildPhase section */
		59C187DD22E688C700833DA7 /* Resources */ = {
			isa = PBXResourcesBuildPhase;
			buildActionMask = 2147483647;
			files = (
				59C187EE22E688C700833DA7 /* Main.storyboard in Resources */,
				59C187E522E688C700833DA7 /* GameScene.sks in Resources */,
				59C187F022E688C900833DA7 /* Assets.xcassets in Resources */,
				59C187F322E688C900833DA7 /* LaunchScreen.storyboard in Resources */,
				59C187E722E688C700833DA7 /* Actions.sks in Resources */,
			);
			runOnlyForDeploymentPostprocessing = 0;
		};
		59C187F722E688CA00833DA7 /* Resources */ = {
			isa = PBXResourcesBuildPhase;
			buildActionMask = 2147483647;
			files = (
			);
			runOnlyForDeploymentPostprocessing = 0;
		};
		59C1880222E688CA00833DA7 /* Resources */ = {
			isa = PBXResourcesBuildPhase;
			buildActionMask = 2147483647;
			files = (
			);
			runOnlyForDeploymentPostprocessing = 0;
		};
/* End PBXResourcesBuildPhase section */

/* Begin PBXSourcesBuildPhase section */
		59C187DB22E688C700833DA7 /* Sources */ = {
			isa = PBXSourcesBuildPhase;
			buildActionMask = 2147483647;
			files = (
				59C187E922E688C700833DA7 /* GameScene.swift in Sources */,
				59C187EB22E688C700833DA7 /* GameViewController.swift in Sources */,
				59C187E322E688C700833DA7 /* AppDelegate.swift in Sources */,
			);
			runOnlyForDeploymentPostprocessing = 0;
		};
		59C187F522E688CA00833DA7 /* Sources */ = {
			isa = PBXSourcesBuildPhase;
			buildActionMask = 2147483647;
			files = (
				59C187FE22E688CA00833DA7 /* Final_ProjectTests.swift in Sources */,
			);
			runOnlyForDeploymentPostprocessing = 0;
		};
		59C1880022E688CA00833DA7 /* Sources */ = {
			isa = PBXSourcesBuildPhase;
			buildActionMask = 2147483647;
			files = (
				59C1880922E688CA00833DA7 /* Final_ProjectUITests.swift in Sources */,
			);
			runOnlyForDeploymentPostprocessing = 0;
		};
/* End PBXSourcesBuildPhase section */

/* Begin PBXTargetDependency section */
		59C187FB22E688CA00833DA7 /* PBXTargetDependency */ = {
			isa = PBXTargetDependency;
			target = 59C187DE22E688C700833DA7 /* Final Project */;
			targetProxy = 59C187FA22E688CA00833DA7 /* PBXContainerItemProxy */;
		};
		59C1880622E688CA00833DA7 /* PBXTargetDependency */ = {
			isa = PBXTargetDependency;
			target = 59C187DE22E688C700833DA7 /* Final Project */;
			targetProxy = 59C1880522E688CA00833DA7 /* PBXContainerItemProxy */;
		};
/* End PBXTargetDependency section */

/* Begin PBXVariantGroup section */
		59C187EC22E688C700833DA7 /* Main.storyboard */ = {
			isa = PBXVariantGroup;
			children = (
				59C187ED22E688C700833DA7 /* Base */,
			);
			name = Main.storyboard;
			sourceTree = "<group>";
		};
		59C187F122E688C900833DA7 /* LaunchScreen.storyboard */ = {
			isa = PBXVariantGroup;
			children = (
				59C187F222E688C900833DA7 /* Base */,
			);
			name = LaunchScreen.storyboard;
			sourceTree = "<group>";
		};
/* End PBXVariantGroup section */

/* Begin XCBuildConfiguration section */
		59C1880B22E688CA00833DA7 /* Debug */ = {
			isa = XCBuildConfiguration;
			buildSettings = {
				ALWAYS_SEARCH_USER_PATHS = NO;
				CLANG_ANALYZER_NONNULL = YES;
				CLANG_ANALYZER_NUMBER_OBJECT_CONVERSION = YES_AGGRESSIVE;
				CLANG_CXX_LANGUAGE_STANDARD = "gnu++14";
				CLANG_CXX_LIBRARY = "libc++";
				CLANG_ENABLE_MODULES = YES;
				CLANG_ENABLE_OBJC_ARC = YES;
				CLANG_ENABLE_OBJC_WEAK = YES;
				CLANG_WARN_BLOCK_CAPTURE_AUTORELEASING = YES;
				CLANG_WARN_BOOL_CONVERSION = YES;
				CLANG_WARN_COMMA = YES;
				CLANG_WARN_CONSTANT_CONVERSION = YES;
				CLANG_WARN_DEPRECATED_OBJC_IMPLEMENTATIONS = YES;
				CLANG_WARN_DIRECT_OBJC_ISA_USAGE = YES_ERROR;
				CLANG_WARN_DOCUMENTATION_COMMENTS = YES;
				CLANG_WARN_EMPTY_BODY = YES;
				CLANG_WARN_ENUM_CONVERSION = YES;
				CLANG_WARN_INFINITE_RECURSION = YES;
				CLANG_WARN_INT_CONVERSION = YES;
				CLANG_WARN_NON_LITERAL_NULL_CONVERSION = YES;
				CLANG_WARN_OBJC_IMPLICIT_RETAIN_SELF = YES;
				CLANG_WARN_OBJC_LITERAL_CONVERSION = YES;
				CLANG_WARN_OBJC_ROOT_CLASS = YES_ERROR;
				CLANG_WARN_RANGE_LOOP_ANALYSIS = YES;
				CLANG_WARN_STRICT_PROTOTYPES = YES;
				CLANG_WARN_SUSPICIOUS_MOVE = YES;
				CLANG_WARN_UNGUARDED_AVAILABILITY = YES_AGGRESSIVE;
				CLANG_WARN_UNREACHABLE_CODE = YES;
				CLANG_WARN__DUPLICATE_METHOD_MATCH = YES;
				CODE_SIGN_IDENTITY = "iPhone Developer";
				COPY_PHASE_STRIP = NO;
				DEBUG_INFORMATION_FORMAT = dwarf;
				ENABLE_STRICT_OBJC_MSGSEND = YES;
				ENABLE_TESTABILITY = YES;
				GCC_C_LANGUAGE_STANDARD = gnu11;
				GCC_DYNAMIC_NO_PIC = NO;
				GCC_NO_COMMON_BLOCKS = YES;
				GCC_OPTIMIZATION_LEVEL = 0;
				GCC_PREPROCESSOR_DEFINITIONS = (
					"DEBUG=1",
					"$(inherited)",
				);
				GCC_WARN_64_TO_32_BIT_CONVERSION = YES;
				GCC_WARN_ABOUT_RETURN_TYPE = YES_ERROR;
				GCC_WARN_UNDECLARED_SELECTOR = YES;
				GCC_WARN_UNINITIALIZED_AUTOS = YES_AGGRESSIVE;
				GCC_WARN_UNUSED_FUNCTION = YES;
				GCC_WARN_UNUSED_VARIABLE = YES;
				IPHONEOS_DEPLOYMENT_TARGET = 12.1;
				MTL_ENABLE_DEBUG_INFO = INCLUDE_SOURCE;
				MTL_FAST_MATH = YES;
				ONLY_ACTIVE_ARCH = YES;
				SDKROOT = iphoneos;
				SWIFT_ACTIVE_COMPILATION_CONDITIONS = DEBUG;
				SWIFT_OPTIMIZATION_LEVEL = "-Onone";
			};
			name = Debug;
		};
		59C1880C22E688CA00833DA7 /* Release */ = {
			isa = XCBuildConfiguration;
			buildSettings = {
				ALWAYS_SEARCH_USER_PATHS = NO;
				CLANG_ANALYZER_NONNULL = YES;
				CLANG_ANALYZER_NUMBER_OBJECT_CONVERSION = YES_AGGRESSIVE;
				CLANG_CXX_LANGUAGE_STANDARD = "gnu++14";
				CLANG_CXX_LIBRARY = "libc++";
				CLANG_ENABLE_MODULES = YES;
				CLANG_ENABLE_OBJC_ARC = YES;
				CLANG_ENABLE_OBJC_WEAK = YES;
				CLANG_WARN_BLOCK_CAPTURE_AUTORELEASING = YES;
				CLANG_WARN_BOOL_CONVERSION = YES;
				CLANG_WARN_COMMA = YES;
				CLANG_WARN_CONSTANT_CONVERSION = YES;
				CLANG_WARN_DEPRECATED_OBJC_IMPLEMENTATIONS = YES;
				CLANG_WARN_DIRECT_OBJC_ISA_USAGE = YES_ERROR;
				CLANG_WARN_DOCUMENTATION_COMMENTS = YES;
				CLANG_WARN_EMPTY_BODY = YES;
				CLANG_WARN_ENUM_CONVERSION = YES;
				CLANG_WARN_INFINITE_RECURSION = YES;
				CLANG_WARN_INT_CONVERSION = YES;
				CLANG_WARN_NON_LITERAL_NULL_CONVERSION = YES;
				CLANG_WARN_OBJC_IMPLICIT_RETAIN_SELF = YES;
				CLANG_WARN_OBJC_LITERAL_CONVERSION = YES;
				CLANG_WARN_OBJC_ROOT_CLASS = YES_ERROR;
				CLANG_WARN_RANGE_LOOP_ANALYSIS = YES;
				CLANG_WARN_STRICT_PROTOTYPES = YES;
				CLANG_WARN_SUSPICIOUS_MOVE = YES;
				CLANG_WARN_UNGUARDED_AVAILABILITY = YES_AGGRESSIVE;
				CLANG_WARN_UNREACHABLE_CODE = YES;
				CLANG_WARN__DUPLICATE_METHOD_MATCH = YES;
				CODE_SIGN_IDENTITY = "iPhone Developer";
				COPY_PHASE_STRIP = NO;
				DEBUG_INFORMATION_FORMAT = "dwarf-with-dsym";
				ENABLE_NS_ASSERTIONS = NO;
				ENABLE_STRICT_OBJC_MSGSEND = YES;
				GCC_C_LANGUAGE_STANDARD = gnu11;
				GCC_NO_COMMON_BLOCKS = YES;
				GCC_WARN_64_TO_32_BIT_CONVERSION = YES;
				GCC_WARN_ABOUT_RETURN_TYPE = YES_ERROR;
				GCC_WARN_UNDECLARED_SELECTOR = YES;
				GCC_WARN_UNINITIALIZED_AUTOS = YES_AGGRESSIVE;
				GCC_WARN_UNUSED_FUNCTION = YES;
				GCC_WARN_UNUSED_VARIABLE = YES;
				IPHONEOS_DEPLOYMENT_TARGET = 12.1;
				MTL_ENABLE_DEBUG_INFO = NO;
				MTL_FAST_MATH = YES;
				SDKROOT = iphoneos;
				SWIFT_COMPILATION_MODE = wholemodule;
				SWIFT_OPTIMIZATION_LEVEL = "-O";
				VALIDATE_PRODUCT = YES;
			};
			name = Release;
		};
		59C1880E22E688CA00833DA7 /* Debug */ = {
			isa = XCBuildConfiguration;
			buildSettings = {
				ASSETCATALOG_COMPILER_APPICON_NAME = AppIcon;
				CODE_SIGN_STYLE = Automatic;
				DEVELOPMENT_TEAM = R8645H36KC;
				INFOPLIST_FILE = "Final Project/Info.plist";
				LD_RUNPATH_SEARCH_PATHS = (
					"$(inherited)",
					"@executable_path/Frameworks",
				);
				PRODUCT_BUNDLE_IDENTIFIER = "com.mykeserrano.Final-Project";
				PRODUCT_NAME = "$(TARGET_NAME)";
				SWIFT_VERSION = 4.2;
				TARGETED_DEVICE_FAMILY = "1,2";
			};
			name = Debug;
		};
		59C1880F22E688CA00833DA7 /* Release */ = {
			isa = XCBuildConfiguration;
			buildSettings = {
				ASSETCATALOG_COMPILER_APPICON_NAME = AppIcon;
				CODE_SIGN_STYLE = Automatic;
				DEVELOPMENT_TEAM = R8645H36KC;
				INFOPLIST_FILE = "Final Project/Info.plist";
				LD_RUNPATH_SEARCH_PATHS = (
					"$(inherited)",
					"@executable_path/Frameworks",
				);
				PRODUCT_BUNDLE_IDENTIFIER = "com.mykeserrano.Final-Project";
				PRODUCT_NAME = "$(TARGET_NAME)";
				SWIFT_VERSION = 4.2;
				TARGETED_DEVICE_FAMILY = "1,2";
			};
			name = Release;
		};
		59C1881122E688CA00833DA7 /* Debug */ = {
			isa = XCBuildConfiguration;
			buildSettings = {
				ALWAYS_EMBED_SWIFT_STANDARD_LIBRARIES = YES;
				BUNDLE_LOADER = "$(TEST_HOST)";
				CODE_SIGN_STYLE = Automatic;
				DEVELOPMENT_TEAM = R8645H36KC;
				INFOPLIST_FILE = "Final ProjectTests/Info.plist";
				LD_RUNPATH_SEARCH_PATHS = (
					"$(inherited)",
					"@executable_path/Frameworks",
					"@loader_path/Frameworks",
				);
				PRODUCT_BUNDLE_IDENTIFIER = "com.mykeserrano.Final-ProjectTests";
				PRODUCT_NAME = "$(TARGET_NAME)";
				SWIFT_VERSION = 4.2;
				TARGETED_DEVICE_FAMILY = "1,2";
				TEST_HOST = "$(BUILT_PRODUCTS_DIR)/Final Project.app/Final Project";
			};
			name = Debug;
		};
		59C1881222E688CA00833DA7 /* Release */ = {
			isa = XCBuildConfiguration;
			buildSettings = {
				ALWAYS_EMBED_SWIFT_STANDARD_LIBRARIES = YES;
				BUNDLE_LOADER = "$(TEST_HOST)";
				CODE_SIGN_STYLE = Automatic;
				DEVELOPMENT_TEAM = R8645H36KC;
				INFOPLIST_FILE = "Final ProjectTests/Info.plist";
				LD_RUNPATH_SEARCH_PATHS = (
					"$(inherited)",
					"@executable_path/Frameworks",
					"@loader_path/Frameworks",
				);
				PRODUCT_BUNDLE_IDENTIFIER = "com.mykeserrano.Final-ProjectTests";
				PRODUCT_NAME = "$(TARGET_NAME)";
				SWIFT_VERSION = 4.2;
				TARGETED_DEVICE_FAMILY = "1,2";
				TEST_HOST = "$(BUILT_PRODUCTS_DIR)/Final Project.app/Final Project";
			};
			name = Release;
		};
		59C1881422E688CA00833DA7 /* Debug */ = {
			isa = XCBuildConfiguration;
			buildSettings = {
				ALWAYS_EMBED_SWIFT_STANDARD_LIBRARIES = YES;
				CODE_SIGN_STYLE = Automatic;
				DEVELOPMENT_TEAM = R8645H36KC;
				INFOPLIST_FILE = "Final ProjectUITests/Info.plist";
				LD_RUNPATH_SEARCH_PATHS = (
					"$(inherited)",
					"@executable_path/Frameworks",
					"@loader_path/Frameworks",
				);
				PRODUCT_BUNDLE_IDENTIFIER = "com.mykeserrano.Final-ProjectUITests";
				PRODUCT_NAME = "$(TARGET_NAME)";
				SWIFT_VERSION = 4.2;
				TARGETED_DEVICE_FAMILY = "1,2";
				TEST_TARGET_NAME = "Final Project";
			};
			name = Debug;
		};
		59C1881522E688CA00833DA7 /* Release */ = {
			isa = XCBuildConfiguration;
			buildSettings = {
				ALWAYS_EMBED_SWIFT_STANDARD_LIBRARIES = YES;
				CODE_SIGN_STYLE = Automatic;
				DEVELOPMENT_TEAM = R8645H36KC;
				INFOPLIST_FILE = "Final ProjectUITests/Info.plist";
				LD_RUNPATH_SEARCH_PATHS = (
					"$(inherited)",
					"@executable_path/Frameworks",
					"@loader_path/Frameworks",
				);
				PRODUCT_BUNDLE_IDENTIFIER = "com.mykeserrano.Final-ProjectUITests";
				PRODUCT_NAME = "$(TARGET_NAME)";
				SWIFT_VERSION = 4.2;
				TARGETED_DEVICE_FAMILY = "1,2";
				TEST_TARGET_NAME = "Final Project";
			};
			name = Release;
		};
/* End XCBuildConfiguration section */

/* Begin XCConfigurationList section */
		59C187DA22E688C700833DA7 /* Build configuration list for PBXProject "Final Project" */ = {
			isa = XCConfigurationList;
			buildConfigurations = (
				59C1880B22E688CA00833DA7 /* Debug */,
				59C1880C22E688CA00833DA7 /* Release */,
			);
			defaultConfigurationIsVisible = 0;
			defaultConfigurationName = Release;
		};
		59C1880D22E688CA00833DA7 /* Build configuration list for PBXNativeTarget "Final Project" */ = {
			isa = XCConfigurationList;
			buildConfigurations = (
				59C1880E22E688CA00833DA7 /* Debug */,
				59C1880F22E688CA00833DA7 /* Release */,
			);
			defaultConfigurationIsVisible = 0;
			defaultConfigurationName = Release;
		};
		59C1881022E688CA00833DA7 /* Build configuration list for PBXNativeTarget "Final ProjectTests" */ = {
			isa = XCConfigurationList;
			buildConfigurations = (
				59C1881122E688CA00833DA7 /* Debug */,
				59C1881222E688CA00833DA7 /* Release */,
			);
			defaultConfigurationIsVisible = 0;
			defaultConfigurationName = Release;
		};
		59C1881322E688CA00833DA7 /* Build configuration list for PBXNativeTarget "Final ProjectUITests" */ = {
			isa = XCConfigurationList;
			buildConfigurations = (
				59C1881422E688CA00833DA7 /* Debug */,
				59C1881522E688CA00833DA7 /* Release */,
			);
			defaultConfigurationIsVisible = 0;
			defaultConfigurationName = Release;
		};
/* End XCConfigurationList section */
	};
	rootObject = 59C187D722E688C700833DA7 /* Project object */;
}
